
Microsoft Visual Studio Solution File, Format Version 12.00
# Visual Studio 2013
VisualStudioVersion = 12.0.30723.0
MinimumVisualStudioVersion = 10.0.40219.1
Project("{FAE04EC0-301F-11D3-BF4B-00C04F79EFBC}") = "FunctionalProgramming", "FunctionalProgramming\FunctionalProgramming.csproj", "{8E01A72E-CF07-408F-8660-D20A7034368B}"
EndProject
Project("{FAE04EC0-301F-11D3-BF4B-00C04F79EFBC}") = "Students_by_group", "Students_by_group\Students_by_group.csproj", "{2AE4168C-576A-4CD0-AB4F-8BE28106A175}"
EndProject
Global
	GlobalSection(SolutionConfigurationPlatforms) = preSolution
		Debug|Any CPU = Debug|Any CPU
		Release|Any CPU = Release|Any CPU
	EndGlobalSection
	GlobalSection(ProjectConfigurationPlatforms) = postSolution
		{8E01A72E-CF07-408F-8660-D20A7034368B}.Debug|Any CPU.ActiveCfg = Debug|Any CPU
		{8E01A72E-CF07-408F-8660-D20A7034368B}.Debug|Any CPU.Build.0 = Debug|Any CPU
		{8E01A72E-CF07-408F-8660-D20A7034368B}.Release|Any CPU.ActiveCfg = Release|Any CPU
		{8E01A72E-CF07-408F-8660-D20A7034368B}.Release|Any CPU.Build.0 = Release|Any CPU
		{2AE4168C-576A-4CD0-AB4F-8BE28106A175}.Debug|Any CPU.ActiveCfg = Debug|Any CPU
		{2AE4168C-576A-4CD0-AB4F-8BE28106A175}.Debug|Any CPU.Build.0 = Debug|Any CPU
		{2AE4168C-576A-4CD0-AB4F-8BE28106A175}.Release|Any CPU.ActiveCfg = Release|Any CPU
		{2AE4168C-576A-4CD0-AB4F-8BE28106A175}.Release|Any CPU.Build.0 = Release|Any CPU
	EndGlobalSection
	GlobalSection(SolutionProperties) = preSolution
		HideSolutionNode = FALSE
	EndGlobalSection
EndGlobal
